
Microsoft Visual Studio Solution File, Format Version 12.00
# Visual Studio Version 17
VisualStudioVersion = 17.0.31903.59
MinimumVisualStudioVersion = 10.0.40219.1
Project("{54A90642-561A-4BB1-A94E-469ADEE60C69}") = "teamtasker.client.gui", "Client\TeamTasker.Client.GUI\teamtasker.client.gui.esproj", "{6E4032D8-AC52-44DB-B0EC-44A85DFA19F7}"
EndProject
Project("{2150E333-8FDC-42A3-9474-1A3956D46DE8}") = "Client", "Client", "{BC3B7522-4014-46D6-862B-B49F20F50EF8}"
EndProject
Project("{2150E333-8FDC-42A3-9474-1A3956D46DE8}") = "Server", "Server", "{A7550AFD-B25C-44CD-802B-89A9479FE65C}"
EndProject
Project("{9A19103F-16F7-4668-BE54-9A1E7A4F7556}") = "TeamTasker.Server.API", "Server\TeamTasker.Server.API\TeamTasker.Server.API.csproj", "{9B1FA8BE-986D-43E1-8757-6C93AF8D2DA1}"
EndProject
Project("{9A19103F-16F7-4668-BE54-9A1E7A4F7556}") = "TeamTasker.Server.Domain", "Server\TeamTasker.Server.Domain\TeamTasker.Server.Domain.csproj", "{C8F75630-4877-45ED-BCCC-EA9FA674EAF1}"
EndProject
Project("{9A19103F-16F7-4668-BE54-9A1E7A4F7556}") = "TeamTasker.Server.Application", "Server\TeamTasker.Server.Application\TeamTasker.Server.Application.csproj", "{538A6F90-C8DB-4E69-BB08-FA9CFE7624A2}"
EndProject
Project("{9A19103F-16F7-4668-BE54-9A1E7A4F7556}") = "TeamTasker.Server.Infrastructure", "Server\TeamTasker.Server.Infrastructure\TeamTasker.Server.Infrastructure.csproj", "{09AFAE2C-9605-4C7E-97D5-9F7E80A4F318}"
EndProject
Project("{E53339B2-1760-4266-BCC7-CA923CBCF16C}") = "docker-compose", "docker-compose.dcproj", "{BB25D1F9-94E7-4AF7-B934-736F5F8D576C}"
EndProject
Global
	GlobalSection(SolutionConfigurationPlatforms) = preSolution
		Debug|Any CPU = Debug|Any CPU
		Release|Any CPU = Release|Any CPU
	EndGlobalSection
	GlobalSection(ProjectConfigurationPlatforms) = postSolution
		{6E4032D8-AC52-44DB-B0EC-44A85DFA19F7}.Debug|Any CPU.ActiveCfg = Debug|Any CPU
		{6E4032D8-AC52-44DB-B0EC-44A85DFA19F7}.Debug|Any CPU.Build.0 = Debug|Any CPU
		{6E4032D8-AC52-44DB-B0EC-44A85DFA19F7}.Debug|Any CPU.Deploy.0 = Debug|Any CPU
		{6E4032D8-AC52-44DB-B0EC-44A85DFA19F7}.Release|Any CPU.ActiveCfg = Release|Any CPU
		{6E4032D8-AC52-44DB-B0EC-44A85DFA19F7}.Release|Any CPU.Build.0 = Release|Any CPU
		{6E4032D8-AC52-44DB-B0EC-44A85DFA19F7}.Release|Any CPU.Deploy.0 = Release|Any CPU
		{9B1FA8BE-986D-43E1-8757-6C93AF8D2DA1}.Debug|Any CPU.ActiveCfg = Debug|Any CPU
		{9B1FA8BE-986D-43E1-8757-6C93AF8D2DA1}.Debug|Any CPU.Build.0 = Debug|Any CPU
		{9B1FA8BE-986D-43E1-8757-6C93AF8D2DA1}.Release|Any CPU.ActiveCfg = Release|Any CPU
		{9B1FA8BE-986D-43E1-8757-6C93AF8D2DA1}.Release|Any CPU.Build.0 = Release|Any CPU
		{C8F75630-4877-45ED-BCCC-EA9FA674EAF1}.Debug|Any CPU.ActiveCfg = Debug|Any CPU
		{C8F75630-4877-45ED-BCCC-EA9FA674EAF1}.Debug|Any CPU.Build.0 = Debug|Any CPU
		{C8F75630-4877-45ED-BCCC-EA9FA674EAF1}.Release|Any CPU.ActiveCfg = Release|Any CPU
		{C8F75630-4877-45ED-BCCC-EA9FA674EAF1}.Release|Any CPU.Build.0 = Release|Any CPU
		{538A6F90-C8DB-4E69-BB08-FA9CFE7624A2}.Debug|Any CPU.ActiveCfg = Debug|Any CPU
		{538A6F90-C8DB-4E69-BB08-FA9CFE7624A2}.Debug|Any CPU.Build.0 = Debug|Any CPU
		{538A6F90-C8DB-4E69-BB08-FA9CFE7624A2}.Release|Any CPU.ActiveCfg = Release|Any CPU
		{538A6F90-C8DB-4E69-BB08-FA9CFE7624A2}.Release|Any CPU.Build.0 = Release|Any CPU
		{09AFAE2C-9605-4C7E-97D5-9F7E80A4F318}.Debug|Any CPU.ActiveCfg = Debug|Any CPU
		{09AFAE2C-9605-4C7E-97D5-9F7E80A4F318}.Debug|Any CPU.Build.0 = Debug|Any CPU
		{09AFAE2C-9605-4C7E-97D5-9F7E80A4F318}.Release|Any CPU.ActiveCfg = Release|Any CPU
		{09AFAE2C-9605-4C7E-97D5-9F7E80A4F318}.Release|Any CPU.Build.0 = Release|Any CPU
		{BB25D1F9-94E7-4AF7-B934-736F5F8D576C}.Debug|Any CPU.ActiveCfg = Debug|Any CPU
		{BB25D1F9-94E7-4AF7-B934-736F5F8D576C}.Debug|Any CPU.Build.0 = Debug|Any CPU
		{BB25D1F9-94E7-4AF7-B934-736F5F8D576C}.Release|Any CPU.ActiveCfg = Release|Any CPU
		{BB25D1F9-94E7-4AF7-B934-736F5F8D576C}.Release|Any CPU.Build.0 = Release|Any CPU
	EndGlobalSection
	GlobalSection(SolutionProperties) = preSolution
		HideSolutionNode = FALSE
	EndGlobalSection
	GlobalSection(NestedProjects) = preSolution
		{6E4032D8-AC52-44DB-B0EC-44A85DFA19F7} = {BC3B7522-4014-46D6-862B-B49F20F50EF8}
		{9B1FA8BE-986D-43E1-8757-6C93AF8D2DA1} = {A7550AFD-B25C-44CD-802B-89A9479FE65C}
		{C8F75630-4877-45ED-BCCC-EA9FA674EAF1} = {A7550AFD-B25C-44CD-802B-89A9479FE65C}
		{538A6F90-C8DB-4E69-BB08-FA9CFE7624A2} = {A7550AFD-B25C-44CD-802B-89A9479FE65C}
		{09AFAE2C-9605-4C7E-97D5-9F7E80A4F318} = {A7550AFD-B25C-44CD-802B-89A9479FE65C}
	EndGlobalSection
	GlobalSection(ExtensibilityGlobals) = postSolution
		SolutionGuid = {46DC2647-B6F7-44DB-A772-AD72F4BA6F16}
	EndGlobalSection
EndGlobal
